
Microsoft Visual Studio Solution File, Format Version 12.00
# Visual Studio Version 17
VisualStudioVersion = 17.4.33205.214
MinimumVisualStudioVersion = 10.0.40219.1
Project("{FAE04EC0-301F-11D3-BF4B-00C04F79EFBC}") = "online-shop_anc", "online-shop_anc.csproj", "{273693AE-4B43-4488-85AE-15178AD55417}"
EndProject
Global
	GlobalSection(SolutionConfigurationPlatforms) = preSolution
		Debug|Any CPU = Debug|Any CPU
		Release|Any CPU = Release|Any CPU
	EndGlobalSection
	GlobalSection(ProjectConfigurationPlatforms) = postSolution
		{273693AE-4B43-4488-85AE-15178AD55417}.Debug|Any CPU.ActiveCfg = Debug|Any CPU
		{273693AE-4B43-4488-85AE-15178AD55417}.Debug|Any CPU.Build.0 = Debug|Any CPU
		{273693AE-4B43-4488-85AE-15178AD55417}.Release|Any CPU.ActiveCfg = Release|Any CPU
		{273693AE-4B43-4488-85AE-15178AD55417}.Release|Any CPU.Build.0 = Release|Any CPU
	EndGlobalSection
	GlobalSection(SolutionProperties) = preSolution
		HideSolutionNode = FALSE
	EndGlobalSection
	GlobalSection(ExtensibilityGlobals) = postSolution
		SolutionGuid = {341C5FD0-D7D3-4381-BC40-B0123D280A5E}
	EndGlobalSection
EndGlobal
